
Microsoft Visual Studio Solution File, Format Version 12.00
# Visual Studio Version 16
VisualStudioVersion = 25.0.1704.4
MinimumVisualStudioVersion = 10.0.40219.1
Project("{FAE04EC0-301F-11D3-BF4B-00C04F79EFBC}") = "Selection-Statements-Exercise", "Selection-Statements-Exercise\Selection-Statements-Exercise.csproj", "{DD15667F-16B1-44B7-AA8D-A43224E7560A}"
EndProject
Global
	GlobalSection(SolutionConfigurationPlatforms) = preSolution
		Debug|Any CPU = Debug|Any CPU
		Release|Any CPU = Release|Any CPU
	EndGlobalSection
	GlobalSection(ProjectConfigurationPlatforms) = postSolution
		{DD15667F-16B1-44B7-AA8D-A43224E7560A}.Debug|Any CPU.ActiveCfg = Debug|Any CPU
		{DD15667F-16B1-44B7-AA8D-A43224E7560A}.Debug|Any CPU.Build.0 = Debug|Any CPU
		{DD15667F-16B1-44B7-AA8D-A43224E7560A}.Release|Any CPU.ActiveCfg = Release|Any CPU
		{DD15667F-16B1-44B7-AA8D-A43224E7560A}.Release|Any CPU.Build.0 = Release|Any CPU
	EndGlobalSection
	GlobalSection(SolutionProperties) = preSolution
		HideSolutionNode = FALSE
	EndGlobalSection
	GlobalSection(ExtensibilityGlobals) = postSolution
		SolutionGuid = {C03B4DB8-3F3E-42BD-B3CD-FF45178CE956}
	EndGlobalSection
EndGlobal
